// !$*UTF8*$!
{
	archiveVersion = 1;
	classes = {
	};
	objectVersion = 46;
	objects = {

/* Begin PBXBuildFile section */
		1AB9D87C1B27D03A0082DB3A /* main.m in Sources */ = {isa = PBXBuildFile; fileRef = 1AB9D87B1B27D03A0082DB3A /* main.m */; };
		1AB9D87F1B27D03A0082DB3A /* AppDelegate.m in Sources */ = {isa = PBXBuildFile; fileRef = 1AB9D87E1B27D03A0082DB3A /* AppDelegate.m */; };
		1AB9D8821B27D03A0082DB3A /* ViewController.m in Sources */ = {isa = PBXBuildFile; fileRef = 1AB9D8811B27D03A0082DB3A /* ViewController.m */; };
		1AB9D8851B27D03A0082DB3A /* Main.storyboard in Resources */ = {isa = PBXBuildFile; fileRef = 1AB9D8831B27D03A0082DB3A /* Main.storyboard */; };
		1AB9D8871B27D03A0082DB3A /* Images.xcassets in Resources */ = {isa = PBXBuildFile; fileRef = 1AB9D8861B27D03A0082DB3A /* Images.xcassets */; };
		1AB9D88A1B27D03A0082DB3A /* LaunchScreen.xib in Resources */ = {isa = PBXBuildFile; fileRef = 1AB9D8881B27D03A0082DB3A /* LaunchScreen.xib */; };
		1AB9D8961B27D03A0082DB3A /* TEMPTests.m in Sources */ = {isa = PBXBuildFile; fileRef = 1AB9D8951B27D03A0082DB3A /* TEMPTests.m */; };
/* End PBXBuildFile section */

/* Begin PBXContainerItemProxy section */
		1AB9D8901B27D03A0082DB3A /* PBXContainerItemProxy */ = {
			isa = PBXContainerItemProxy;
			containerPortal = 1AB9D86E1B27D03A0082DB3A /* Project object */;
			proxyType = 1;
			remoteGlobalIDString = 1AB9D8751B27D03A0082DB3A;
			remoteInfo = TEMP;
		};
/* End PBXContainerItemProxy section */

/* Begin PBXFileReference section */
		1AB9D8761B27D03A0082DB3A /* TEMP.app */ = {isa = PBXFileReference; explicitFileType = wrapper.application; includeInIndex = 0; path = TEMP.app; sourceTree = BUILT_PRODUCTS_DIR; };
		1AB9D87A1B27D03A0082DB3A /* Info.plist */ = {isa = PBXFileReference; lastKnownFileType = text.plist.xml; path = Info.plist; sourceTree = "<group>"; };
		1AB9D87B1B27D03A0082DB3A /* main.m */ = {isa = PBXFileReference; lastKnownFileType = sourcecode.c.objc; path = main.m; sourceTree = "<group>"; };
		1AB9D87D1B27D03A0082DB3A /* AppDelegate.h */ = {isa = PBXFileReference; lastKnownFileType = sourcecode.c.h; path = AppDelegate.h; sourceTree = "<group>"; };
		1AB9D87E1B27D03A0082DB3A /* AppDelegate.m */ = {isa = PBXFileReference; lastKnownFileType = sourcecode.c.objc; path = AppDelegate.m; sourceTree = "<group>"; };
		1AB9D8801B27D03A0082DB3A /* ViewController.h */ = {isa = PBXFileReference; lastKnownFileType = sourcecode.c.h; path = ViewController.h; sourceTree = "<group>"; };
		1AB9D8811B27D03A0082DB3A /* ViewController.m */ = {isa = PBXFileReference; lastKnownFileType = sourcecode.c.objc; path = ViewController.m; sourceTree = "<group>"; };
		1AB9D8841B27D03A0082DB3A /* Base */ = {isa = PBXFileReference; lastKnownFileType = file.storyboard; name = Base; path = Base.lproj/Main.storyboard; sourceTree = "<group>"; };
		1AB9D8861B27D03A0082DB3A /* Images.xcassets */ = {isa = PBXFileReference; lastKnownFileType = folder.assetcatalog; path = Images.xcassets; sourceTree = "<group>"; };
		1AB9D8891B27D03A0082DB3A /* Base */ = {isa = PBXFileReference; lastKnownFileType = file.xib; name = Base; path = Base.lproj/LaunchScreen.xib; sourceTree = "<group>"; };
		1AB9D88F1B27D03A0082DB3A /* TEMPTests.xctest */ = {isa = PBXFileReference; explicitFileType = wrapper.cfbundle; includeInIndex = 0; path = TEMPTests.xctest; sourceTree = BUILT_PRODUCTS_DIR; };
		1AB9D8941B27D03A0082DB3A /* Info.plist */ = {isa = PBXFileReference; lastKnownFileType = text.plist.xml; path = Info.plist; sourceTree = "<group>"; };
		1AB9D8951B27D03A0082DB3A /* TEMPTests.m */ = {isa = PBXFileReference; lastKnownFileType = sourcecode.c.objc; path = TEMPTests.m; sourceTree = "<group>"; };
/* End PBXFileReference section */

/* Begin PBXFrameworksBuildPhase section */
		1AB9D8731B27D03A0082DB3A /* Frameworks */ = {
			isa = PBXFrameworksBuildPhase;
			buildActionMask = 2147483647;
			files = (
			);
			runOnlyForDeploymentPostprocessing = 0;
		};
		1AB9D88C1B27D03A0082DB3A /* Frameworks */ = {
			isa = PBXFrameworksBuildPhase;
			buildActionMask = 2147483647;
			files = (
			);
			runOnlyForDeploymentPostprocessing = 0;
		};
/* End PBXFrameworksBuildPhase section */

/* Begin PBXGroup section */
		1AB9D86D1B27D03A0082DB3A = {
			isa = PBXGroup;
			children = (
				1AB9D8781B27D03A0082DB3A /* TEMP */,
				1AB9D8921B27D03A0082DB3A /* TEMPTests */,
				1AB9D8771B27D03A0082DB3A /* Products */,
			);
			sourceTree = "<group>";
		};
		1AB9D8771B27D03A0082DB3A /* Products */ = {
			isa = PBXGroup;
			children = (
				1AB9D8761B27D03A0082DB3A /* TEMP.app */,
				1AB9D88F1B27D03A0082DB3A /* TEMPTests.xctest */,
			);
			name = Products;
			sourceTree = "<group>";
		};
		1AB9D8781B27D03A0082DB3A /* TEMP */ = {
			isa = PBXGroup;
			children = (
				1AB9D87D1B27D03A0082DB3A /* AppDelegate.h */,
				1AB9D87E1B27D03A0082DB3A /* AppDelegate.m */,
				1AB9D8801B27D03A0082DB3A /* ViewController.h */,
				1AB9D8811B27D03A0082DB3A /* ViewController.m */,
				1AB9D8831B27D03A0082DB3A /* Main.storyboard */,
				1AB9D8861B27D03A0082DB3A /* Images.xcassets */,
				1AB9D8881B27D03A0082DB3A /* LaunchScreen.xib */,
				1AB9D8791B27D03A0082DB3A /* Supporting Files */,
			);
			path = TEMP;
			sourceTree = "<group>";
		};
		1AB9D8791B27D03A0082DB3A /* Supporting Files */ = {
			isa = PBXGroup;
			children = (
				1AB9D87A1B27D03A0082DB3A /* Info.plist */,
				1AB9D87B1B27D03A0082DB3A /* main.m */,
			);
			name = "Supporting Files";
			sourceTree = "<group>";
		};
		1AB9D8921B27D03A0082DB3A /* TEMPTests */ = {
			isa = PBXGroup;
			children = (
				1AB9D8951B27D03A0082DB3A /* TEMPTests.m */,
				1AB9D8931B27D03A0082DB3A /* Supporting Files */,
			);
			path = TEMPTests;
			sourceTree = "<group>";
		};
		1AB9D8931B27D03A0082DB3A /* Supporting Files */ = {
			isa = PBXGroup;
			children = (
				1AB9D8941B27D03A0082DB3A /* Info.plist */,
			);
			name = "Supporting Files";
			sourceTree = "<group>";
		};
/* End PBXGroup section */

/* Begin PBXNativeTarget section */
		1AB9D8751B27D03A0082DB3A /* TEMP */ = {
			isa = PBXNativeTarget;
			buildConfigurationList = 1AB9D8991B27D03A0082DB3A /* Build configuration list for PBXNativeTarget "TEMP" */;
			buildPhases = (
				1AB9D8721B27D03A0082DB3A /* Sources */,
				1AB9D8731B27D03A0082DB3A /* Frameworks */,
				1AB9D8741B27D03A0082DB3A /* Resources */,
			);
			buildRules = (
			);
			dependencies = (
			);
			name = TEMP;
			productName = TEMP;
			productReference = 1AB9D8761B27D03A0082DB3A /* TEMP.app */;
			productType = "com.apple.product-type.application";
		};
		1AB9D88E1B27D03A0082DB3A /* TEMPTests */ = {
			isa = PBXNativeTarget;
			buildConfigurationList = 1AB9D89C1B27D03A0082DB3A /* Build configuration list for PBXNativeTarget "TEMPTests" */;
			buildPhases = (
				1AB9D88B1B27D03A0082DB3A /* Sources */,
				1AB9D88C1B27D03A0082DB3A /* Frameworks */,
				1AB9D88D1B27D03A0082DB3A /* Resources */,
			);
			buildRules = (
			);
			dependencies = (
				1AB9D8911B27D03A0082DB3A /* PBXTargetDependency */,
			);
			name = TEMPTests;
			productName = TEMPTests;
			productReference = 1AB9D88F1B27D03A0082DB3A /* TEMPTests.xctest */;
			productType = "com.apple.product-type.bundle.unit-test";
		};
/* End PBXNativeTarget section */

/* Begin PBXProject section */
		1AB9D86E1B27D03A0082DB3A /* Project object */ = {
			isa = PBXProject;
			attributes = {
				LastUpgradeCheck = 0630;
				ORGANIZATIONNAME = "Fox, Jon";
				TargetAttributes = {
					1AB9D8751B27D03A0082DB3A = {
						CreatedOnToolsVersion = 6.3.2;
					};
					1AB9D88E1B27D03A0082DB3A = {
						CreatedOnToolsVersion = 6.3.2;
						TestTargetID = 1AB9D8751B27D03A0082DB3A;
					};
				};
			};
			buildConfigurationList = 1AB9D8711B27D03A0082DB3A /* Build configuration list for PBXProject "TEMP" */;
			compatibilityVersion = "Xcode 3.2";
			developmentRegion = English;
			hasScannedForEncodings = 0;
			knownRegions = (
				en,
				Base,
			);
			mainGroup = 1AB9D86D1B27D03A0082DB3A;
			productRefGroup = 1AB9D8771B27D03A0082DB3A /* Products */;
			projectDirPath = "";
			projectRoot = "";
			targets = (
				1AB9D8751B27D03A0082DB3A /* TEMP */,
				1AB9D88E1B27D03A0082DB3A /* TEMPTests */,
			);
		};
/* End PBXProject section */

/* Begin PBXResourcesBuildPhase section */
		1AB9D8741B27D03A0082DB3A /* Resources */ = {
			isa = PBXResourcesBuildPhase;
			buildActionMask = 2147483647;
			files = (
				1AB9D8851B27D03A0082DB3A /* Main.storyboard in Resources */,
				1AB9D88A1B27D03A0082DB3A /* LaunchScreen.xib in Resources */,
				1AB9D8871B27D03A0082DB3A /* Images.xcassets in Resources */,
			);
			runOnlyForDeploymentPostprocessing = 0;
		};
		1AB9D88D1B27D03A0082DB3A /* Resources */ = {
			isa = PBXResourcesBuildPhase;
			buildActionMask = 2147483647;
			files = (
			);
			runOnlyForDeploymentPostprocessing = 0;
		};
/* End PBXResourcesBuildPhase section */

/* Begin PBXSourcesBuildPhase section */
		1AB9D8721B27D03A0082DB3A /* Sources */ = {
			isa = PBXSourcesBuildPhase;
			buildActionMask = 2147483647;
			files = (
				1AB9D8821B27D03A0082DB3A /* ViewController.m in Sources */,
				1AB9D87F1B27D03A0082DB3A /* AppDelegate.m in Sources */,
				1AB9D87C1B27D03A0082DB3A /* main.m in Sources */,
			);
			runOnlyForDeploymentPostprocessing = 0;
		};
		1AB9D88B1B27D03A0082DB3A /* Sources */ = {
			isa = PBXSourcesBuildPhase;
			buildActionMask = 2147483647;
			files = (
				1AB9D8961B27D03A0082DB3A /* TEMPTests.m in Sources */,
			);
			runOnlyForDeploymentPostprocessing = 0;
		};
/* End PBXSourcesBuildPhase section */

/* Begin PBXTargetDependency section */
		1AB9D8911B27D03A0082DB3A /* PBXTargetDependency */ = {
			isa = PBXTargetDependency;
			target = 1AB9D8751B27D03A0082DB3A /* TEMP */;
			targetProxy = 1AB9D8901B27D03A0082DB3A /* PBXContainerItemProxy */;
		};
/* End PBXTargetDependency section */

/* Begin PBXVariantGroup section */
		1AB9D8831B27D03A0082DB3A /* Main.storyboard */ = {
			isa = PBXVariantGroup;
			children = (
				1AB9D8841B27D03A0082DB3A /* Base */,
			);
			name = Main.storyboard;
			sourceTree = "<group>";
		};
		1AB9D8881B27D03A0082DB3A /* LaunchScreen.xib */ = {
			isa = PBXVariantGroup;
			children = (
				1AB9D8891B27D03A0082DB3A /* Base */,
			);
			name = LaunchScreen.xib;
			sourceTree = "<group>";
		};
/* End PBXVariantGroup section */

/* Begin XCBuildConfiguration section */
		1AB9D8971B27D03A0082DB3A /* Debug */ = {
			isa = XCBuildConfiguration;
			buildSettings = {
				ALWAYS_SEARCH_USER_PATHS = NO;
				CLANG_CXX_LANGUAGE_STANDARD = "gnu++0x";
				CLANG_CXX_LIBRARY = "libc++";
				CLANG_ENABLE_MODULES = YES;
				CLANG_ENABLE_OBJC_ARC = YES;
				CLANG_WARN_BOOL_CONVERSION = YES;
				CLANG_WARN_CONSTANT_CONVERSION = YES;
				CLANG_WARN_DIRECT_OBJC_ISA_USAGE = YES_ERROR;
				CLANG_WARN_EMPTY_BODY = YES;
				CLANG_WARN_ENUM_CONVERSION = YES;
				CLANG_WARN_INT_CONVERSION = YES;
				CLANG_WARN_OBJC_ROOT_CLASS = YES_ERROR;
				CLANG_WARN_UNREACHABLE_CODE = YES;
				CLANG_WARN__DUPLICATE_METHOD_MATCH = YES;
				"CODE_SIGN_IDENTITY[sdk=iphoneos*]" = "iPhone Developer";
				COPY_PHASE_STRIP = NO;
				DEBUG_INFORMATION_FORMAT = "dwarf-with-dsym";
				ENABLE_STRICT_OBJC_MSGSEND = YES;
				GCC_C_LANGUAGE_STANDARD = gnu99;
				GCC_DYNAMIC_NO_PIC = NO;
				GCC_NO_COMMON_BLOCKS = YES;
				GCC_OPTIMIZATION_LEVEL = 0;
				GCC_PREPROCESSOR_DEFINITIONS = (
					"DEBUG=1",
					"$(inherited)",
				);
				GCC_SYMBOLS_PRIVATE_EXTERN = NO;
				GCC_WARN_64_TO_32_BIT_CONVERSION = YES;
				GCC_WARN_ABOUT_RETURN_TYPE = YES_ERROR;
				GCC_WARN_UNDECLARED_SELECTOR = YES;
				GCC_WARN_UNINITIALIZED_AUTOS = YES_AGGRESSIVE;
				GCC_WARN_UNUSED_FUNCTION = YES;
				GCC_WARN_UNUSED_VARIABLE = YES;
				IPHONEOS_DEPLOYMENT_TARGET = 8.3;
				MTL_ENABLE_DEBUG_INFO = YES;
				ONLY_ACTIVE_ARCH = YES;
				SDKROOT = iphoneos;
				TARGETED_DEVICE_FAMILY = "1,2";
			};
			name = Debug;
		};
		1AB9D8981B27D03A0082DB3A /* Release */ = {
			isa = XCBuildConfiguration;
			buildSettings = {
				ALWAYS_SEARCH_USER_PATHS = NO;
				CLANG_CXX_LANGUAGE_STANDARD = "gnu++0x";
				CLANG_CXX_LIBRARY = "libc++";
				CLANG_ENABLE_MODULES = YES;
				CLANG_ENABLE_OBJC_ARC = YES;
				CLANG_WARN_BOOL_CONVERSION = YES;
				CLANG_WARN_CONSTANT_CONVERSION = YES;
				CLANG_WARN_DIRECT_OBJC_ISA_USAGE = YES_ERROR;
				CLANG_WARN_EMPTY_BODY = YES;
				CLANG_WARN_ENUM_CONVERSION = YES;
				CLANG_WARN_INT_CONVERSION = YES;
				CLANG_WARN_OBJC_ROOT_CLASS = YES_ERROR;
				CLANG_WARN_UNREACHABLE_CODE = YES;
				CLANG_WARN__DUPLICATE_METHOD_MATCH = YES;
				"CODE_SIGN_IDENTITY[sdk=iphoneos*]" = "iPhone Developer";
				COPY_PHASE_STRIP = NO;
				DEBUG_INFORMATION_FORMAT = "dwarf-with-dsym";
				ENABLE_NS_ASSERTIONS = NO;
				ENABLE_STRICT_OBJC_MSGSEND = YES;
				GCC_C_LANGUAGE_STANDARD = gnu99;
				GCC_NO_COMMON_BLOCKS = YES;
				GCC_WARN_64_TO_32_BIT_CONVERSION = YES;
				GCC_WARN_ABOUT_RETURN_TYPE = YES_ERROR;
				GCC_WARN_UNDECLARED_SELECTOR = YES;
				GCC_WARN_UNINITIALIZED_AUTOS = YES_AGGRESSIVE;
				GCC_WARN_UNUSED_FUNCTION = YES;
				GCC_WARN_UNUSED_VARIABLE = YES;
				IPHONEOS_DEPLOYMENT_TARGET = 8.3;
				MTL_ENABLE_DEBUG_INFO = NO;
				SDKROOT = iphoneos;
				TARGETED_DEVICE_FAMILY = "1,2";
				VALIDATE_PRODUCT = YES;
			};
			name = Release;
		};
		1AB9D89A1B27D03A0082DB3A /* Debug */ = {
			isa = XCBuildConfiguration;
			buildSettings = {
				ASSETCATALOG_COMPILER_APPICON_NAME = AppIcon;
				INFOPLIST_FILE = TEMP/Info.plist;
				LD_RUNPATH_SEARCH_PATHS = "$(inherited) @executable_path/Frameworks";
				PRODUCT_NAME = "$(TARGET_NAME)";
			};
			name = Debug;
		};
		1AB9D89B1B27D03A0082DB3A /* Release */ = {
			isa = XCBuildConfiguration;
			buildSettings = {
				ASSETCATALOG_COMPILER_APPICON_NAME = AppIcon;
				INFOPLIST_FILE = TEMP/Info.plist;
				LD_RUNPATH_SEARCH_PATHS = "$(inherited) @executable_path/Frameworks";
				PRODUCT_NAME = "$(TARGET_NAME)";
			};
			name = Release;
		};
		1AB9D89D1B27D03A0082DB3A /* Debug */ = {
			isa = XCBuildConfiguration;
			buildSettings = {
				BUNDLE_LOADER = "$(TEST_HOST)";
				FRAMEWORK_SEARCH_PATHS = (
					"$(SDKROOT)/Developer/Library/Frameworks",
					"$(inherited)",
				);
				GCC_PREPROCESSOR_DEFINITIONS = (
					"DEBUG=1",
					"$(inherited)",
				);
				INFOPLIST_FILE = TEMPTests/Info.plist;
				LD_RUNPATH_SEARCH_PATHS = "$(inherited) @executable_path/Frameworks @loader_path/Frameworks";
				PRODUCT_NAME = "$(TARGET_NAME)";
				TEST_HOST = "$(BUILT_PRODUCTS_DIR)/TEMP.app/TEMP";
			};
			name = Debug;
		};
		1AB9D89E1B27D03A0082DB3A /* Release */ = {
			isa = XCBuildConfiguration;
			buildSettings = {
				BUNDLE_LOADER = "$(TEST_HOST)";
				FRAMEWORK_SEARCH_PATHS = (
					"$(SDKROOT)/Developer/Library/Frameworks",
					"$(inherited)",
				);
				INFOPLIST_FILE = TEMPTests/Info.plist;
				LD_RUNPATH_SEARCH_PATHS = "$(inherited) @executable_path/Frameworks @loader_path/Frameworks";
				PRODUCT_NAME = "$(TARGET_NAME)";
				TEST_HOST = "$(BUILT_PRODUCTS_DIR)/TEMP.app/TEMP";
			};
			name = Release;
		};
/* End XCBuildConfiguration section */

/* Begin XCConfigurationList section */
		1AB9D8711B27D03A0082DB3A /* Build configuration list for PBXProject "TEMP" */ = {
			isa = XCConfigurationList;
			buildConfigurations = (
				1AB9D8971B27D03A0082DB3A /* Debug */,
				1AB9D8981B27D03A0082DB3A /* Release */,
			);
			defaultConfigurationIsVisible = 0;
			defaultConfigurationName = Release;
		};
		1AB9D8991B27D03A0082DB3A /* Build configuration list for PBXNativeTarget "TEMP" */ = {
			isa = XCConfigurationList;
			buildConfigurations = (
				1AB9D89A1B27D03A0082DB3A /* Debug */,
				1AB9D89B1B27D03A0082DB3A /* Release */,
			);
			defaultConfigurationIsVisible = 0;
		};
		1AB9D89C1B27D03A0082DB3A /* Build configuration list for PBXNativeTarget "TEMPTests" */ = {
			isa = XCConfigurationList;
			buildConfigurations = (
				1AB9D89D1B27D03A0082DB3A /* Debug */,
				1AB9D89E1B27D03A0082DB3A /* Release */,
			);
			defaultConfigurationIsVisible = 0;
		};
/* End XCConfigurationList section */
	};
	rootObject = 1AB9D86E1B27D03A0082DB3A /* Project object */;
}
